
Microsoft Visual Studio Solution File, Format Version 12.00
# Visual Studio 15
VisualStudioVersion = 15.0.28010.2026
MinimumVisualStudioVersion = 10.0.40219.1
Project("{FAE04EC0-301F-11D3-BF4B-00C04F79EFBC}") = "RazorPagesMovieCoree21", "RazorPagesMovieCoree21\RazorPagesMovieCoree21.csproj", "{0488239D-FEB1-43BB-AE40-F312E59E761C}"
EndProject
Global
	GlobalSection(SolutionConfigurationPlatforms) = preSolution
		Debug|Any CPU = Debug|Any CPU
		Release|Any CPU = Release|Any CPU
	EndGlobalSection
	GlobalSection(ProjectConfigurationPlatforms) = postSolution
		{0488239D-FEB1-43BB-AE40-F312E59E761C}.Debug|Any CPU.ActiveCfg = Debug|Any CPU
		{0488239D-FEB1-43BB-AE40-F312E59E761C}.Debug|Any CPU.Build.0 = Debug|Any CPU
		{0488239D-FEB1-43BB-AE40-F312E59E761C}.Release|Any CPU.ActiveCfg = Release|Any CPU
		{0488239D-FEB1-43BB-AE40-F312E59E761C}.Release|Any CPU.Build.0 = Release|Any CPU
	EndGlobalSection
	GlobalSection(SolutionProperties) = preSolution
		HideSolutionNode = FALSE
	EndGlobalSection
	GlobalSection(ExtensibilityGlobals) = postSolution
		SolutionGuid = {26085B8C-83D7-4057-81C0-F72158EB334A}
	EndGlobalSection
EndGlobal
